// !$*UTF8*$!
{
	archiveVersion = 1;
	classes = {
	};
	objectVersion = 56;
	objects = {

/* Begin PBXBuildFile section */
		722A3DCF2BE02732007F0BC4 /* EmailTextField.swift in Sources */ = {isa = PBXBuildFile; fileRef = 722A3DCE2BE02732007F0BC4 /* EmailTextField.swift */; };
		722A3DD12BE02E91007F0BC4 /* PasswordTextField.swift in Sources */ = {isa = PBXBuildFile; fileRef = 722A3DD02BE02E91007F0BC4 /* PasswordTextField.swift */; };
		722A3DD32BE03505007F0BC4 /* ActionButton.swift in Sources */ = {isa = PBXBuildFile; fileRef = 722A3DD22BE03505007F0BC4 /* ActionButton.swift */; };
		723CF0AB2BE62EAA00401295 /* NewsViewCell.swift in Sources */ = {isa = PBXBuildFile; fileRef = 723CF0AA2BE62EAA00401295 /* NewsViewCell.swift */; };
		723CF0AD2BE6372600401295 /* NewsApiResponses.swift in Sources */ = {isa = PBXBuildFile; fileRef = 723CF0AC2BE6372600401295 /* NewsApiResponses.swift */; };
		7256E0982BE7ED65001EEBDF /* ArticleViewController.swift in Sources */ = {isa = PBXBuildFile; fileRef = 7256E0972BE7ED65001EEBDF /* ArticleViewController.swift */; };
		7256E09D2BE7FB05001EEBDF /* Kingfisher in Frameworks */ = {isa = PBXBuildFile; productRef = 7256E09C2BE7FB05001EEBDF /* Kingfisher */; };
		72BA290F2BE0D2CE00E2363F /* Endpoints.swift in Sources */ = {isa = PBXBuildFile; fileRef = 72BA290E2BE0D2CE00E2363F /* Endpoints.swift */; };
		72BA29112BE0D2F400E2363F /* Constants.swift in Sources */ = {isa = PBXBuildFile; fileRef = 72BA29102BE0D2F400E2363F /* Constants.swift */; };
		72BA29132BE0D48B00E2363F /* HTTP.swift in Sources */ = {isa = PBXBuildFile; fileRef = 72BA29122BE0D48B00E2363F /* HTTP.swift */; };
		72BA29162BE0D7A800E2363F /* SignupUserRequest.swift in Sources */ = {isa = PBXBuildFile; fileRef = 72BA29152BE0D7A800E2363F /* SignupUserRequest.swift */; };
		72BA29182BE0D96100E2363F /* ServerResponses.swift in Sources */ = {isa = PBXBuildFile; fileRef = 72BA29172BE0D96100E2363F /* ServerResponses.swift */; };
		72BA291A2BE0DAE900E2363F /* AuthService.swift in Sources */ = {isa = PBXBuildFile; fileRef = 72BA29192BE0DAE900E2363F /* AuthService.swift */; };
		72BE69612BE137180001E5DC /* SettingsViewController.swift in Sources */ = {isa = PBXBuildFile; fileRef = 72BE69602BE137180001E5DC /* SettingsViewController.swift */; };
		72BE69632BE137AF0001E5DC /* TabBarViewController.swift in Sources */ = {isa = PBXBuildFile; fileRef = 72BE69622BE137AF0001E5DC /* TabBarViewController.swift */; };
		72F142BA2BE0F7D600BB7F95 /* NewsViewController.swift in Sources */ = {isa = PBXBuildFile; fileRef = 72F142B92BE0F7D600BB7F95 /* NewsViewController.swift */; };
		72FBDE7A2BDD4E8E009EEFC9 /* AppDelegate.swift in Sources */ = {isa = PBXBuildFile; fileRef = 72FBDE792BDD4E8E009EEFC9 /* AppDelegate.swift */; };
		72FBDE7E2BDD4E8E009EEFC9 /* HomeViewController.swift in Sources */ = {isa = PBXBuildFile; fileRef = 72FBDE7D2BDD4E8E009EEFC9 /* HomeViewController.swift */; };
		72FBDE832BDD4E8F009EEFC9 /* Assets.xcassets in Resources */ = {isa = PBXBuildFile; fileRef = 72FBDE822BDD4E8F009EEFC9 /* Assets.xcassets */; };
		72FBDE862BDD4E8F009EEFC9 /* Base in Resources */ = {isa = PBXBuildFile; fileRef = 72FBDE852BDD4E8F009EEFC9 /* Base */; };
		72FBDE8E2BDD53C9009EEFC9 /* LoginViewController.swift in Sources */ = {isa = PBXBuildFile; fileRef = 72FBDE8D2BDD53C9009EEFC9 /* LoginViewController.swift */; };
		72FBDE902BDD53D6009EEFC9 /* SignupViewController.swift in Sources */ = {isa = PBXBuildFile; fileRef = 72FBDE8F2BDD53D6009EEFC9 /* SignupViewController.swift */; };
/* End PBXBuildFile section */

/* Begin PBXFileReference section */
		722A3DCE2BE02732007F0BC4 /* EmailTextField.swift */ = {isa = PBXFileReference; lastKnownFileType = sourcecode.swift; path = EmailTextField.swift; sourceTree = "<group>"; };
		722A3DD02BE02E91007F0BC4 /* PasswordTextField.swift */ = {isa = PBXFileReference; lastKnownFileType = sourcecode.swift; path = PasswordTextField.swift; sourceTree = "<group>"; };
		722A3DD22BE03505007F0BC4 /* ActionButton.swift */ = {isa = PBXFileReference; lastKnownFileType = sourcecode.swift; path = ActionButton.swift; sourceTree = "<group>"; };
		723CF0AA2BE62EAA00401295 /* NewsViewCell.swift */ = {isa = PBXFileReference; lastKnownFileType = sourcecode.swift; path = NewsViewCell.swift; sourceTree = "<group>"; };
		723CF0AC2BE6372600401295 /* NewsApiResponses.swift */ = {isa = PBXFileReference; lastKnownFileType = sourcecode.swift; path = NewsApiResponses.swift; sourceTree = "<group>"; };
		7256E0972BE7ED65001EEBDF /* ArticleViewController.swift */ = {isa = PBXFileReference; lastKnownFileType = sourcecode.swift; path = ArticleViewController.swift; sourceTree = "<group>"; };
		72BA290E2BE0D2CE00E2363F /* Endpoints.swift */ = {isa = PBXFileReference; lastKnownFileType = sourcecode.swift; path = Endpoints.swift; sourceTree = "<group>"; };
		72BA29102BE0D2F400E2363F /* Constants.swift */ = {isa = PBXFileReference; lastKnownFileType = sourcecode.swift; path = Constants.swift; sourceTree = "<group>"; };
		72BA29122BE0D48B00E2363F /* HTTP.swift */ = {isa = PBXFileReference; lastKnownFileType = sourcecode.swift; path = HTTP.swift; sourceTree = "<group>"; };
		72BA29152BE0D7A800E2363F /* SignupUserRequest.swift */ = {isa = PBXFileReference; lastKnownFileType = sourcecode.swift; path = SignupUserRequest.swift; sourceTree = "<group>"; };
		72BA29172BE0D96100E2363F /* ServerResponses.swift */ = {isa = PBXFileReference; lastKnownFileType = sourcecode.swift; path = ServerResponses.swift; sourceTree = "<group>"; };
		72BA29192BE0DAE900E2363F /* AuthService.swift */ = {isa = PBXFileReference; lastKnownFileType = sourcecode.swift; path = AuthService.swift; sourceTree = "<group>"; };
		72BE69602BE137180001E5DC /* SettingsViewController.swift */ = {isa = PBXFileReference; lastKnownFileType = sourcecode.swift; path = SettingsViewController.swift; sourceTree = "<group>"; };
		72BE69622BE137AF0001E5DC /* TabBarViewController.swift */ = {isa = PBXFileReference; lastKnownFileType = sourcecode.swift; path = TabBarViewController.swift; sourceTree = "<group>"; };
		72F142B92BE0F7D600BB7F95 /* NewsViewController.swift */ = {isa = PBXFileReference; lastKnownFileType = sourcecode.swift; path = NewsViewController.swift; sourceTree = "<group>"; };
		72FBDE762BDD4E8E009EEFC9 /* iosdemo.app */ = {isa = PBXFileReference; explicitFileType = wrapper.application; includeInIndex = 0; path = iosdemo.app; sourceTree = BUILT_PRODUCTS_DIR; };
		72FBDE792BDD4E8E009EEFC9 /* AppDelegate.swift */ = {isa = PBXFileReference; lastKnownFileType = sourcecode.swift; path = AppDelegate.swift; sourceTree = "<group>"; };
		72FBDE7D2BDD4E8E009EEFC9 /* HomeViewController.swift */ = {isa = PBXFileReference; lastKnownFileType = sourcecode.swift; path = HomeViewController.swift; sourceTree = "<group>"; };
		72FBDE822BDD4E8F009EEFC9 /* Assets.xcassets */ = {isa = PBXFileReference; lastKnownFileType = folder.assetcatalog; path = Assets.xcassets; sourceTree = "<group>"; };
		72FBDE852BDD4E8F009EEFC9 /* Base */ = {isa = PBXFileReference; lastKnownFileType = file.storyboard; name = Base; path = Base.lproj/LaunchScreen.storyboard; sourceTree = "<group>"; };
		72FBDE872BDD4E8F009EEFC9 /* Info.plist */ = {isa = PBXFileReference; lastKnownFileType = text.plist.xml; path = Info.plist; sourceTree = "<group>"; };
		72FBDE8D2BDD53C9009EEFC9 /* LoginViewController.swift */ = {isa = PBXFileReference; lastKnownFileType = sourcecode.swift; path = LoginViewController.swift; sourceTree = "<group>"; };
		72FBDE8F2BDD53D6009EEFC9 /* SignupViewController.swift */ = {isa = PBXFileReference; lastKnownFileType = sourcecode.swift; path = SignupViewController.swift; sourceTree = "<group>"; };
/* End PBXFileReference section */

/* Begin PBXFrameworksBuildPhase section */
		72FBDE732BDD4E8E009EEFC9 /* Frameworks */ = {
			isa = PBXFrameworksBuildPhase;
			buildActionMask = 2147483647;
			files = (
				7256E09D2BE7FB05001EEBDF /* Kingfisher in Frameworks */,
			);
			runOnlyForDeploymentPostprocessing = 0;
		};
/* End PBXFrameworksBuildPhase section */

/* Begin PBXGroup section */
		7256E09E2BE80B96001EEBDF /* AuthenticationControllers */ = {
			isa = PBXGroup;
			children = (
				72FBDE8D2BDD53C9009EEFC9 /* LoginViewController.swift */,
				72FBDE8F2BDD53D6009EEFC9 /* SignupViewController.swift */,
			);
			path = AuthenticationControllers;
			sourceTree = "<group>";
		};
		7256E09F2BE80BA8001EEBDF /* NewsControllers */ = {
			isa = PBXGroup;
			children = (
				72F142B92BE0F7D600BB7F95 /* NewsViewController.swift */,
				7256E0972BE7ED65001EEBDF /* ArticleViewController.swift */,
			);
			path = NewsControllers;
			sourceTree = "<group>";
		};
		72BA290B2BE0D28900E2363F /* Controllers */ = {
			isa = PBXGroup;
			children = (
				7256E09F2BE80BA8001EEBDF /* NewsControllers */,
				7256E09E2BE80B96001EEBDF /* AuthenticationControllers */,
				72FBDE7D2BDD4E8E009EEFC9 /* HomeViewController.swift */,
				72BE69602BE137180001E5DC /* SettingsViewController.swift */,
				72BE69622BE137AF0001E5DC /* TabBarViewController.swift */,
			);
			path = Controllers;
			sourceTree = "<group>";
		};
		72BA290C2BE0D2A400E2363F /* Views */ = {
			isa = PBXGroup;
			children = (
				722A3DD02BE02E91007F0BC4 /* PasswordTextField.swift */,
				722A3DCE2BE02732007F0BC4 /* EmailTextField.swift */,
				722A3DD22BE03505007F0BC4 /* ActionButton.swift */,
				723CF0AA2BE62EAA00401295 /* NewsViewCell.swift */,
			);
			path = Views;
			sourceTree = "<group>";
		};
		72BA290D2BE0D2BC00E2363F /* Network */ = {
			isa = PBXGroup;
			children = (
				72BA290E2BE0D2CE00E2363F /* Endpoints.swift */,
				72BA29102BE0D2F400E2363F /* Constants.swift */,
				72BA29122BE0D48B00E2363F /* HTTP.swift */,
				72BA29192BE0DAE900E2363F /* AuthService.swift */,
			);
			path = Network;
			sourceTree = "<group>";
		};
		72BA29142BE0D79100E2363F /* Models */ = {
			isa = PBXGroup;
			children = (
				72BA29152BE0D7A800E2363F /* SignupUserRequest.swift */,
				72BA29172BE0D96100E2363F /* ServerResponses.swift */,
				723CF0AC2BE6372600401295 /* NewsApiResponses.swift */,
			);
			path = Models;
			sourceTree = "<group>";
		};
		72FBDE6D2BDD4E8E009EEFC9 = {
			isa = PBXGroup;
			children = (
				72FBDE782BDD4E8E009EEFC9 /* iosdemo */,
				72FBDE772BDD4E8E009EEFC9 /* Products */,
			);
			sourceTree = "<group>";
		};
		72FBDE772BDD4E8E009EEFC9 /* Products */ = {
			isa = PBXGroup;
			children = (
				72FBDE762BDD4E8E009EEFC9 /* iosdemo.app */,
			);
			name = Products;
			sourceTree = "<group>";
		};
		72FBDE782BDD4E8E009EEFC9 /* iosdemo */ = {
			isa = PBXGroup;
			children = (
				72BA29142BE0D79100E2363F /* Models */,
				72BA290D2BE0D2BC00E2363F /* Network */,
				72BA290C2BE0D2A400E2363F /* Views */,
				72BA290B2BE0D28900E2363F /* Controllers */,
				72FBDE792BDD4E8E009EEFC9 /* AppDelegate.swift */,
				72FBDE822BDD4E8F009EEFC9 /* Assets.xcassets */,
				72FBDE842BDD4E8F009EEFC9 /* LaunchScreen.storyboard */,
				72FBDE872BDD4E8F009EEFC9 /* Info.plist */,
			);
			path = iosdemo;
			sourceTree = "<group>";
		};
/* End PBXGroup section */

/* Begin PBXNativeTarget section */
		72FBDE752BDD4E8E009EEFC9 /* iosdemo */ = {
			isa = PBXNativeTarget;
			buildConfigurationList = 72FBDE8A2BDD4E8F009EEFC9 /* Build configuration list for PBXNativeTarget "iosdemo" */;
			buildPhases = (
				72FBDE722BDD4E8E009EEFC9 /* Sources */,
				72FBDE732BDD4E8E009EEFC9 /* Frameworks */,
				72FBDE742BDD4E8E009EEFC9 /* Resources */,
			);
			buildRules = (
			);
			dependencies = (
			);
			name = iosdemo;
			packageProductDependencies = (
				7256E09C2BE7FB05001EEBDF /* Kingfisher */,
			);
			productName = iosdemo;
			productReference = 72FBDE762BDD4E8E009EEFC9 /* iosdemo.app */;
			productType = "com.apple.product-type.application";
		};
/* End PBXNativeTarget section */

/* Begin PBXProject section */
		72FBDE6E2BDD4E8E009EEFC9 /* Project object */ = {
			isa = PBXProject;
			attributes = {
				BuildIndependentTargetsInParallel = 1;
				LastSwiftUpdateCheck = 1530;
				LastUpgradeCheck = 1530;
				TargetAttributes = {
					72FBDE752BDD4E8E009EEFC9 = {
						CreatedOnToolsVersion = 15.3;
					};
				};
			};
			buildConfigurationList = 72FBDE712BDD4E8E009EEFC9 /* Build configuration list for PBXProject "iosdemo" */;
			compatibilityVersion = "Xcode 14.0";
			developmentRegion = en;
			hasScannedForEncodings = 0;
			knownRegions = (
				en,
				Base,
			);
			mainGroup = 72FBDE6D2BDD4E8E009EEFC9;
			packageReferences = (
				7256E09B2BE7FB05001EEBDF /* XCRemoteSwiftPackageReference "Kingfisher" */,
			);
			productRefGroup = 72FBDE772BDD4E8E009EEFC9 /* Products */;
			projectDirPath = "";
			projectRoot = "";
			targets = (
				72FBDE752BDD4E8E009EEFC9 /* iosdemo */,
			);
		};
/* End PBXProject section */

/* Begin PBXResourcesBuildPhase section */
		72FBDE742BDD4E8E009EEFC9 /* Resources */ = {
			isa = PBXResourcesBuildPhase;
			buildActionMask = 2147483647;
			files = (
				72FBDE832BDD4E8F009EEFC9 /* Assets.xcassets in Resources */,
				72FBDE862BDD4E8F009EEFC9 /* Base in Resources */,
			);
			runOnlyForDeploymentPostprocessing = 0;
		};
/* End PBXResourcesBuildPhase section */

/* Begin PBXSourcesBuildPhase section */
		72FBDE722BDD4E8E009EEFC9 /* Sources */ = {
			isa = PBXSourcesBuildPhase;
			buildActionMask = 2147483647;
			files = (
				72BE69632BE137AF0001E5DC /* TabBarViewController.swift in Sources */,
				72FBDE8E2BDD53C9009EEFC9 /* LoginViewController.swift in Sources */,
				723CF0AB2BE62EAA00401295 /* NewsViewCell.swift in Sources */,
				72FBDE7E2BDD4E8E009EEFC9 /* HomeViewController.swift in Sources */,
				722A3DD12BE02E91007F0BC4 /* PasswordTextField.swift in Sources */,
				722A3DCF2BE02732007F0BC4 /* EmailTextField.swift in Sources */,
				72FBDE902BDD53D6009EEFC9 /* SignupViewController.swift in Sources */,
				72BA29132BE0D48B00E2363F /* HTTP.swift in Sources */,
				72BA291A2BE0DAE900E2363F /* AuthService.swift in Sources */,
				72F142BA2BE0F7D600BB7F95 /* NewsViewController.swift in Sources */,
				72BE69612BE137180001E5DC /* SettingsViewController.swift in Sources */,
				72FBDE7A2BDD4E8E009EEFC9 /* AppDelegate.swift in Sources */,
				723CF0AD2BE6372600401295 /* NewsApiResponses.swift in Sources */,
				72BA290F2BE0D2CE00E2363F /* Endpoints.swift in Sources */,
				7256E0982BE7ED65001EEBDF /* ArticleViewController.swift in Sources */,
				722A3DD32BE03505007F0BC4 /* ActionButton.swift in Sources */,
				72BA29182BE0D96100E2363F /* ServerResponses.swift in Sources */,
				72BA29112BE0D2F400E2363F /* Constants.swift in Sources */,
				72BA29162BE0D7A800E2363F /* SignupUserRequest.swift in Sources */,
			);
			runOnlyForDeploymentPostprocessing = 0;
		};
/* End PBXSourcesBuildPhase section */

/* Begin PBXVariantGroup section */
		72FBDE842BDD4E8F009EEFC9 /* LaunchScreen.storyboard */ = {
			isa = PBXVariantGroup;
			children = (
				72FBDE852BDD4E8F009EEFC9 /* Base */,
			);
			name = LaunchScreen.storyboard;
			sourceTree = "<group>";
		};
/* End PBXVariantGroup section */

/* Begin XCBuildConfiguration section */
		72FBDE882BDD4E8F009EEFC9 /* Debug */ = {
			isa = XCBuildConfiguration;
			buildSettings = {
				ALWAYS_SEARCH_USER_PATHS = NO;
				ASSETCATALOG_COMPILER_GENERATE_SWIFT_ASSET_SYMBOL_EXTENSIONS = YES;
				CLANG_ANALYZER_NONNULL = YES;
				CLANG_ANALYZER_NUMBER_OBJECT_CONVERSION = YES_AGGRESSIVE;
				CLANG_CXX_LANGUAGE_STANDARD = "gnu++20";
				CLANG_ENABLE_MODULES = YES;
				CLANG_ENABLE_OBJC_ARC = YES;
				CLANG_ENABLE_OBJC_WEAK = YES;
				CLANG_WARN_BLOCK_CAPTURE_AUTORELEASING = YES;
				CLANG_WARN_BOOL_CONVERSION = YES;
				CLANG_WARN_COMMA = YES;
				CLANG_WARN_CONSTANT_CONVERSION = YES;
				CLANG_WARN_DEPRECATED_OBJC_IMPLEMENTATIONS = YES;
				CLANG_WARN_DIRECT_OBJC_ISA_USAGE = YES_ERROR;
				CLANG_WARN_DOCUMENTATION_COMMENTS = YES;
				CLANG_WARN_EMPTY_BODY = YES;
				CLANG_WARN_ENUM_CONVERSION = YES;
				CLANG_WARN_INFINITE_RECURSION = YES;
				CLANG_WARN_INT_CONVERSION = YES;
				CLANG_WARN_NON_LITERAL_NULL_CONVERSION = YES;
				CLANG_WARN_OBJC_IMPLICIT_RETAIN_SELF = YES;
				CLANG_WARN_OBJC_LITERAL_CONVERSION = YES;
				CLANG_WARN_OBJC_ROOT_CLASS = YES_ERROR;
				CLANG_WARN_QUOTED_INCLUDE_IN_FRAMEWORK_HEADER = YES;
				CLANG_WARN_RANGE_LOOP_ANALYSIS = YES;
				CLANG_WARN_STRICT_PROTOTYPES = YES;
				CLANG_WARN_SUSPICIOUS_MOVE = YES;
				CLANG_WARN_UNGUARDED_AVAILABILITY = YES_AGGRESSIVE;
				CLANG_WARN_UNREACHABLE_CODE = YES;
				CLANG_WARN__DUPLICATE_METHOD_MATCH = YES;
				COPY_PHASE_STRIP = NO;
				DEBUG_INFORMATION_FORMAT = dwarf;
				ENABLE_STRICT_OBJC_MSGSEND = YES;
				ENABLE_TESTABILITY = YES;
				ENABLE_USER_SCRIPT_SANDBOXING = YES;
				GCC_C_LANGUAGE_STANDARD = gnu17;
				GCC_DYNAMIC_NO_PIC = NO;
				GCC_NO_COMMON_BLOCKS = YES;
				GCC_OPTIMIZATION_LEVEL = 0;
				GCC_PREPROCESSOR_DEFINITIONS = (
					"DEBUG=1",
					"$(inherited)",
				);
				GCC_WARN_64_TO_32_BIT_CONVERSION = YES;
				GCC_WARN_ABOUT_RETURN_TYPE = YES_ERROR;
				GCC_WARN_UNDECLARED_SELECTOR = YES;
				GCC_WARN_UNINITIALIZED_AUTOS = YES_AGGRESSIVE;
				GCC_WARN_UNUSED_FUNCTION = YES;
				GCC_WARN_UNUSED_VARIABLE = YES;
				IPHONEOS_DEPLOYMENT_TARGET = 17.4;
				LOCALIZATION_PREFERS_STRING_CATALOGS = YES;
				MTL_ENABLE_DEBUG_INFO = INCLUDE_SOURCE;
				MTL_FAST_MATH = YES;
				ONLY_ACTIVE_ARCH = YES;
				SDKROOT = iphoneos;
				SWIFT_ACTIVE_COMPILATION_CONDITIONS = "DEBUG $(inherited)";
				SWIFT_OPTIMIZATION_LEVEL = "-Onone";
			};
			name = Debug;
		};
		72FBDE892BDD4E8F009EEFC9 /* Release */ = {
			isa = XCBuildConfiguration;
			buildSettings = {
				ALWAYS_SEARCH_USER_PATHS = NO;
				ASSETCATALOG_COMPILER_GENERATE_SWIFT_ASSET_SYMBOL_EXTENSIONS = YES;
				CLANG_ANALYZER_NONNULL = YES;
				CLANG_ANALYZER_NUMBER_OBJECT_CONVERSION = YES_AGGRESSIVE;
				CLANG_CXX_LANGUAGE_STANDARD = "gnu++20";
				CLANG_ENABLE_MODULES = YES;
				CLANG_ENABLE_OBJC_ARC = YES;
				CLANG_ENABLE_OBJC_WEAK = YES;
				CLANG_WARN_BLOCK_CAPTURE_AUTORELEASING = YES;
				CLANG_WARN_BOOL_CONVERSION = YES;
				CLANG_WARN_COMMA = YES;
				CLANG_WARN_CONSTANT_CONVERSION = YES;
				CLANG_WARN_DEPRECATED_OBJC_IMPLEMENTATIONS = YES;
				CLANG_WARN_DIRECT_OBJC_ISA_USAGE = YES_ERROR;
				CLANG_WARN_DOCUMENTATION_COMMENTS = YES;
				CLANG_WARN_EMPTY_BODY = YES;
				CLANG_WARN_ENUM_CONVERSION = YES;
				CLANG_WARN_INFINITE_RECURSION = YES;
				CLANG_WARN_INT_CONVERSION = YES;
				CLANG_WARN_NON_LITERAL_NULL_CONVERSION = YES;
				CLANG_WARN_OBJC_IMPLICIT_RETAIN_SELF = YES;
				CLANG_WARN_OBJC_LITERAL_CONVERSION = YES;
				CLANG_WARN_OBJC_ROOT_CLASS = YES_ERROR;
				CLANG_WARN_QUOTED_INCLUDE_IN_FRAMEWORK_HEADER = YES;
				CLANG_WARN_RANGE_LOOP_ANALYSIS = YES;
				CLANG_WARN_STRICT_PROTOTYPES = YES;
				CLANG_WARN_SUSPICIOUS_MOVE = YES;
				CLANG_WARN_UNGUARDED_AVAILABILITY = YES_AGGRESSIVE;
				CLANG_WARN_UNREACHABLE_CODE = YES;
				CLANG_WARN__DUPLICATE_METHOD_MATCH = YES;
				COPY_PHASE_STRIP = NO;
				DEBUG_INFORMATION_FORMAT = "dwarf-with-dsym";
				ENABLE_NS_ASSERTIONS = NO;
				ENABLE_STRICT_OBJC_MSGSEND = YES;
				ENABLE_USER_SCRIPT_SANDBOXING = YES;
				GCC_C_LANGUAGE_STANDARD = gnu17;
				GCC_NO_COMMON_BLOCKS = YES;
				GCC_WARN_64_TO_32_BIT_CONVERSION = YES;
				GCC_WARN_ABOUT_RETURN_TYPE = YES_ERROR;
				GCC_WARN_UNDECLARED_SELECTOR = YES;
				GCC_WARN_UNINITIALIZED_AUTOS = YES_AGGRESSIVE;
				GCC_WARN_UNUSED_FUNCTION = YES;
				GCC_WARN_UNUSED_VARIABLE = YES;
				IPHONEOS_DEPLOYMENT_TARGET = 17.4;
				LOCALIZATION_PREFERS_STRING_CATALOGS = YES;
				MTL_ENABLE_DEBUG_INFO = NO;
				MTL_FAST_MATH = YES;
				SDKROOT = iphoneos;
				SWIFT_COMPILATION_MODE = wholemodule;
				VALIDATE_PRODUCT = YES;
			};
			name = Release;
		};
		72FBDE8B2BDD4E8F009EEFC9 /* Debug */ = {
			isa = XCBuildConfiguration;
			buildSettings = {
				ASSETCATALOG_COMPILER_APPICON_NAME = AppIcon;
				ASSETCATALOG_COMPILER_GLOBAL_ACCENT_COLOR_NAME = AccentColor;
				CODE_SIGN_STYLE = Automatic;
				CURRENT_PROJECT_VERSION = 1;
				DEVELOPMENT_TEAM = Y9AQ9V3Q2X;
				GENERATE_INFOPLIST_FILE = YES;
				INFOPLIST_FILE = iosdemo/Info.plist;
				INFOPLIST_KEY_UIApplicationSupportsIndirectInputEvents = YES;
				INFOPLIST_KEY_UILaunchStoryboardName = LaunchScreen;
				INFOPLIST_KEY_UISupportedInterfaceOrientations_iPad = "UIInterfaceOrientationPortrait UIInterfaceOrientationPortraitUpsideDown UIInterfaceOrientationLandscapeLeft UIInterfaceOrientationLandscapeRight";
				INFOPLIST_KEY_UISupportedInterfaceOrientations_iPhone = "UIInterfaceOrientationPortrait UIInterfaceOrientationLandscapeLeft UIInterfaceOrientationLandscapeRight";
				LD_RUNPATH_SEARCH_PATHS = (
					"$(inherited)",
					"@executable_path/Frameworks",
				);
				MARKETING_VERSION = 1.0;
				PRODUCT_BUNDLE_IDENTIFIER = co.mariobrezovecki.iosdemo;
				PRODUCT_NAME = "$(TARGET_NAME)";
				SWIFT_EMIT_LOC_STRINGS = YES;
				SWIFT_VERSION = 5.0;
				TARGETED_DEVICE_FAMILY = "1,2";
			};
			name = Debug;
		};
		72FBDE8C2BDD4E8F009EEFC9 /* Release */ = {
			isa = XCBuildConfiguration;
			buildSettings = {
				ASSETCATALOG_COMPILER_APPICON_NAME = AppIcon;
				ASSETCATALOG_COMPILER_GLOBAL_ACCENT_COLOR_NAME = AccentColor;
				CODE_SIGN_STYLE = Automatic;
				CURRENT_PROJECT_VERSION = 1;
				DEVELOPMENT_TEAM = Y9AQ9V3Q2X;
				GENERATE_INFOPLIST_FILE = YES;
				INFOPLIST_FILE = iosdemo/Info.plist;
				INFOPLIST_KEY_UIApplicationSupportsIndirectInputEvents = YES;
				INFOPLIST_KEY_UILaunchStoryboardName = LaunchScreen;
				INFOPLIST_KEY_UISupportedInterfaceOrientations_iPad = "UIInterfaceOrientationPortrait UIInterfaceOrientationPortraitUpsideDown UIInterfaceOrientationLandscapeLeft UIInterfaceOrientationLandscapeRight";
				INFOPLIST_KEY_UISupportedInterfaceOrientations_iPhone = "UIInterfaceOrientationPortrait UIInterfaceOrientationLandscapeLeft UIInterfaceOrientationLandscapeRight";
				LD_RUNPATH_SEARCH_PATHS = (
					"$(inherited)",
					"@executable_path/Frameworks",
				);
				MARKETING_VERSION = 1.0;
				PRODUCT_BUNDLE_IDENTIFIER = co.mariobrezovecki.iosdemo;
				PRODUCT_NAME = "$(TARGET_NAME)";
				SWIFT_EMIT_LOC_STRINGS = YES;
				SWIFT_VERSION = 5.0;
				TARGETED_DEVICE_FAMILY = "1,2";
			};
			name = Release;
		};
/* End XCBuildConfiguration section */

/* Begin XCConfigurationList section */
		72FBDE712BDD4E8E009EEFC9 /* Build configuration list for PBXProject "iosdemo" */ = {
			isa = XCConfigurationList;
			buildConfigurations = (
				72FBDE882BDD4E8F009EEFC9 /* Debug */,
				72FBDE892BDD4E8F009EEFC9 /* Release */,
			);
			defaultConfigurationIsVisible = 0;
			defaultConfigurationName = Release;
		};
		72FBDE8A2BDD4E8F009EEFC9 /* Build configuration list for PBXNativeTarget "iosdemo" */ = {
			isa = XCConfigurationList;
			buildConfigurations = (
				72FBDE8B2BDD4E8F009EEFC9 /* Debug */,
				72FBDE8C2BDD4E8F009EEFC9 /* Release */,
			);
			defaultConfigurationIsVisible = 0;
			defaultConfigurationName = Release;
		};
/* End XCConfigurationList section */

/* Begin XCRemoteSwiftPackageReference section */
		7256E09B2BE7FB05001EEBDF /* XCRemoteSwiftPackageReference "Kingfisher" */ = {
			isa = XCRemoteSwiftPackageReference;
			repositoryURL = "https://github.com/onevcat/Kingfisher.git";
			requirement = {
				kind = upToNextMajorVersion;
				minimumVersion = 7.11.0;
			};
		};
/* End XCRemoteSwiftPackageReference section */

/* Begin XCSwiftPackageProductDependency section */
		7256E09C2BE7FB05001EEBDF /* Kingfisher */ = {
			isa = XCSwiftPackageProductDependency;
			package = 7256E09B2BE7FB05001EEBDF /* XCRemoteSwiftPackageReference "Kingfisher" */;
			productName = Kingfisher;
		};
/* End XCSwiftPackageProductDependency section */
	};
	rootObject = 72FBDE6E2BDD4E8E009EEFC9 /* Project object */;
}
